
Microsoft Visual Studio Solution File, Format Version 12.00
# Visual Studio Version 16
VisualStudioVersion = 16.0.29728.190
MinimumVisualStudioVersion = 10.0.40219.1
Project("{9A19103F-16F7-4668-BE54-9A1E7A4F7556}") = "RSSViewer", "RSSViewer\RSSViewer.csproj", "{347219B7-2A2D-4BB1-8FF8-A0381BF39754}"
EndProject
Project("{9A19103F-16F7-4668-BE54-9A1E7A4F7556}") = "RSSViewer.Abstractions", "RSSViewer.Abstractions\RSSViewer.Abstractions.csproj", "{F1AAECE0-3E81-46B0-867D-3CE774C23BCB}"
EndProject
Project("{9A19103F-16F7-4668-BE54-9A1E7A4F7556}") = "RSSViewer.Provider.RssFetcher", "RSSViewer.Provider.RssFetcher\RSSViewer.Provider.RssFetcher.csproj", "{7FAA2B64-18D7-48E0-8D14-0582CA574855}"
EndProject
Project("{9A19103F-16F7-4668-BE54-9A1E7A4F7556}") = "RSSViewer.Core", "RSSViewer.Core\RSSViewer.Core.csproj", "{F9611C8D-AE6C-4E28-874C-C807538E7BCA}"
EndProject
Project("{9A19103F-16F7-4668-BE54-9A1E7A4F7556}") = "RSSViewer.Provider.Synology", "RSSViewer.Provider.Synology\RSSViewer.Provider.Synology.csproj", "{998E4D62-481F-40A8-9345-F49293FB6A45}"
EndProject
Project("{FAE04EC0-301F-11D3-BF4B-00C04F79EFBC}") = "RSSViewer.Provider.Transmission", "RSSViewer.Provider.Transmission\RSSViewer.Provider.Transmission.csproj", "{80CFB240-2C33-4E8D-B380-10ADF941316E}"
EndProject
Global
	GlobalSection(SolutionConfigurationPlatforms) = preSolution
		Debug|Any CPU = Debug|Any CPU
		Release|Any CPU = Release|Any CPU
	EndGlobalSection
	GlobalSection(ProjectConfigurationPlatforms) = postSolution
		{347219B7-2A2D-4BB1-8FF8-A0381BF39754}.Debug|Any CPU.ActiveCfg = Debug|Any CPU
		{347219B7-2A2D-4BB1-8FF8-A0381BF39754}.Debug|Any CPU.Build.0 = Debug|Any CPU
		{347219B7-2A2D-4BB1-8FF8-A0381BF39754}.Release|Any CPU.ActiveCfg = Release|Any CPU
		{347219B7-2A2D-4BB1-8FF8-A0381BF39754}.Release|Any CPU.Build.0 = Release|Any CPU
		{F1AAECE0-3E81-46B0-867D-3CE774C23BCB}.Debug|Any CPU.ActiveCfg = Debug|Any CPU
		{F1AAECE0-3E81-46B0-867D-3CE774C23BCB}.Debug|Any CPU.Build.0 = Debug|Any CPU
		{F1AAECE0-3E81-46B0-867D-3CE774C23BCB}.Release|Any CPU.ActiveCfg = Release|Any CPU
		{F1AAECE0-3E81-46B0-867D-3CE774C23BCB}.Release|Any CPU.Build.0 = Release|Any CPU
		{7FAA2B64-18D7-48E0-8D14-0582CA574855}.Debug|Any CPU.ActiveCfg = Debug|Any CPU
		{7FAA2B64-18D7-48E0-8D14-0582CA574855}.Debug|Any CPU.Build.0 = Debug|Any CPU
		{7FAA2B64-18D7-48E0-8D14-0582CA574855}.Release|Any CPU.ActiveCfg = Release|Any CPU
		{7FAA2B64-18D7-48E0-8D14-0582CA574855}.Release|Any CPU.Build.0 = Release|Any CPU
		{F9611C8D-AE6C-4E28-874C-C807538E7BCA}.Debug|Any CPU.ActiveCfg = Debug|Any CPU
		{F9611C8D-AE6C-4E28-874C-C807538E7BCA}.Debug|Any CPU.Build.0 = Debug|Any CPU
		{F9611C8D-AE6C-4E28-874C-C807538E7BCA}.Release|Any CPU.ActiveCfg = Release|Any CPU
		{F9611C8D-AE6C-4E28-874C-C807538E7BCA}.Release|Any CPU.Build.0 = Release|Any CPU
		{998E4D62-481F-40A8-9345-F49293FB6A45}.Debug|Any CPU.ActiveCfg = Debug|Any CPU
		{998E4D62-481F-40A8-9345-F49293FB6A45}.Debug|Any CPU.Build.0 = Debug|Any CPU
		{998E4D62-481F-40A8-9345-F49293FB6A45}.Release|Any CPU.ActiveCfg = Release|Any CPU
		{998E4D62-481F-40A8-9345-F49293FB6A45}.Release|Any CPU.Build.0 = Release|Any CPU
		{80CFB240-2C33-4E8D-B380-10ADF941316E}.Debug|Any CPU.ActiveCfg = Debug|Any CPU
		{80CFB240-2C33-4E8D-B380-10ADF941316E}.Debug|Any CPU.Build.0 = Debug|Any CPU
		{80CFB240-2C33-4E8D-B380-10ADF941316E}.Release|Any CPU.ActiveCfg = Release|Any CPU
		{80CFB240-2C33-4E8D-B380-10ADF941316E}.Release|Any CPU.Build.0 = Release|Any CPU
	EndGlobalSection
	GlobalSection(SolutionProperties) = preSolution
		HideSolutionNode = FALSE
	EndGlobalSection
	GlobalSection(ExtensibilityGlobals) = postSolution
		SolutionGuid = {ED421373-E3C6-4992-B65A-34C9245C566D}
	EndGlobalSection
EndGlobal
